
Microsoft Visual Studio Solution File, Format Version 12.00
# Visual Studio 15
VisualStudioVersion = 15.0.28307.438
MinimumVisualStudioVersion = 10.0.40219.1
Project("{8BC9CEB8-8B4A-11D0-8D11-00A0C91BC942}") = "Project4", "Project4.vcxproj", "{B8358D91-9390-4992-8EA9-C34A50B04ECD}"
EndProject
Global
	GlobalSection(SolutionConfigurationPlatforms) = preSolution
		Debug|x64 = Debug|x64
		Debug|x86 = Debug|x86
		Release|x64 = Release|x64
		Release|x86 = Release|x86
	EndGlobalSection
	GlobalSection(ProjectConfigurationPlatforms) = postSolution
		{B8358D91-9390-4992-8EA9-C34A50B04ECD}.Debug|x64.ActiveCfg = Debug|x64
		{B8358D91-9390-4992-8EA9-C34A50B04ECD}.Debug|x64.Build.0 = Debug|x64
		{B8358D91-9390-4992-8EA9-C34A50B04ECD}.Debug|x86.ActiveCfg = Debug|Win32
		{B8358D91-9390-4992-8EA9-C34A50B04ECD}.Debug|x86.Build.0 = Debug|Win32
		{B8358D91-9390-4992-8EA9-C34A50B04ECD}.Release|x64.ActiveCfg = Release|x64
		{B8358D91-9390-4992-8EA9-C34A50B04ECD}.Release|x64.Build.0 = Release|x64
		{B8358D91-9390-4992-8EA9-C34A50B04ECD}.Release|x86.ActiveCfg = Release|Win32
		{B8358D91-9390-4992-8EA9-C34A50B04ECD}.Release|x86.Build.0 = Release|Win32
	EndGlobalSection
	GlobalSection(SolutionProperties) = preSolution
		HideSolutionNode = FALSE
	EndGlobalSection
	GlobalSection(ExtensibilityGlobals) = postSolution
		SolutionGuid = {EDE0BECE-13F8-45C7-8761-81C37B6C4A36}
	EndGlobalSection
EndGlobal
