
Microsoft Visual Studio Solution File, Format Version 12.00
# Visual Studio 15
VisualStudioVersion = 15.0.28307.438
MinimumVisualStudioVersion = 10.0.40219.1
Project("{8BC9CEB8-8B4A-11D0-8D11-00A0C91BC942}") = "Project14", "Project14.vcxproj", "{794B7863-C3D0-49C5-AD25-B9A830FDA73C}"
EndProject
Global
	GlobalSection(SolutionConfigurationPlatforms) = preSolution
		Debug|x64 = Debug|x64
		Debug|x86 = Debug|x86
		Release|x64 = Release|x64
		Release|x86 = Release|x86
	EndGlobalSection
	GlobalSection(ProjectConfigurationPlatforms) = postSolution
		{794B7863-C3D0-49C5-AD25-B9A830FDA73C}.Debug|x64.ActiveCfg = Debug|x64
		{794B7863-C3D0-49C5-AD25-B9A830FDA73C}.Debug|x64.Build.0 = Debug|x64
		{794B7863-C3D0-49C5-AD25-B9A830FDA73C}.Debug|x86.ActiveCfg = Debug|Win32
		{794B7863-C3D0-49C5-AD25-B9A830FDA73C}.Debug|x86.Build.0 = Debug|Win32
		{794B7863-C3D0-49C5-AD25-B9A830FDA73C}.Release|x64.ActiveCfg = Release|x64
		{794B7863-C3D0-49C5-AD25-B9A830FDA73C}.Release|x64.Build.0 = Release|x64
		{794B7863-C3D0-49C5-AD25-B9A830FDA73C}.Release|x86.ActiveCfg = Release|Win32
		{794B7863-C3D0-49C5-AD25-B9A830FDA73C}.Release|x86.Build.0 = Release|Win32
	EndGlobalSection
	GlobalSection(SolutionProperties) = preSolution
		HideSolutionNode = FALSE
	EndGlobalSection
	GlobalSection(ExtensibilityGlobals) = postSolution
		SolutionGuid = {533D8328-2C63-48B5-A2E4-76B41D0468D3}
	EndGlobalSection
EndGlobal
