
Microsoft Visual Studio Solution File, Format Version 12.00
# Visual Studio 15
VisualStudioVersion = 15.0.28307.438
MinimumVisualStudioVersion = 10.0.40219.1
Project("{8BC9CEB8-8B4A-11D0-8D11-00A0C91BC942}") = "Project10", "Project10.vcxproj", "{4A841C05-E415-4151-862F-8057F43061C5}"
EndProject
Global
	GlobalSection(SolutionConfigurationPlatforms) = preSolution
		Debug|x64 = Debug|x64
		Debug|x86 = Debug|x86
		Release|x64 = Release|x64
		Release|x86 = Release|x86
	EndGlobalSection
	GlobalSection(ProjectConfigurationPlatforms) = postSolution
		{4A841C05-E415-4151-862F-8057F43061C5}.Debug|x64.ActiveCfg = Debug|x64
		{4A841C05-E415-4151-862F-8057F43061C5}.Debug|x64.Build.0 = Debug|x64
		{4A841C05-E415-4151-862F-8057F43061C5}.Debug|x86.ActiveCfg = Debug|Win32
		{4A841C05-E415-4151-862F-8057F43061C5}.Debug|x86.Build.0 = Debug|Win32
		{4A841C05-E415-4151-862F-8057F43061C5}.Release|x64.ActiveCfg = Release|x64
		{4A841C05-E415-4151-862F-8057F43061C5}.Release|x64.Build.0 = Release|x64
		{4A841C05-E415-4151-862F-8057F43061C5}.Release|x86.ActiveCfg = Release|Win32
		{4A841C05-E415-4151-862F-8057F43061C5}.Release|x86.Build.0 = Release|Win32
	EndGlobalSection
	GlobalSection(SolutionProperties) = preSolution
		HideSolutionNode = FALSE
	EndGlobalSection
	GlobalSection(ExtensibilityGlobals) = postSolution
		SolutionGuid = {F0AF57FF-ECD9-47C6-B5FD-9CB03D7BD752}
	EndGlobalSection
EndGlobal
