
Microsoft Visual Studio Solution File, Format Version 12.00
# Visual Studio 15
VisualStudioVersion = 15.0.28307.438
MinimumVisualStudioVersion = 10.0.40219.1
Project("{8BC9CEB8-8B4A-11D0-8D11-00A0C91BC942}") = "c_task_5", "c_task_5.vcxproj", "{E3E524B9-2B78-44C1-B7E1-A8162C5D38EC}"
EndProject
Global
	GlobalSection(SolutionConfigurationPlatforms) = preSolution
		Debug|x64 = Debug|x64
		Debug|x86 = Debug|x86
		Release|x64 = Release|x64
		Release|x86 = Release|x86
	EndGlobalSection
	GlobalSection(ProjectConfigurationPlatforms) = postSolution
		{E3E524B9-2B78-44C1-B7E1-A8162C5D38EC}.Debug|x64.ActiveCfg = Debug|x64
		{E3E524B9-2B78-44C1-B7E1-A8162C5D38EC}.Debug|x64.Build.0 = Debug|x64
		{E3E524B9-2B78-44C1-B7E1-A8162C5D38EC}.Debug|x86.ActiveCfg = Debug|Win32
		{E3E524B9-2B78-44C1-B7E1-A8162C5D38EC}.Debug|x86.Build.0 = Debug|Win32
		{E3E524B9-2B78-44C1-B7E1-A8162C5D38EC}.Release|x64.ActiveCfg = Release|x64
		{E3E524B9-2B78-44C1-B7E1-A8162C5D38EC}.Release|x64.Build.0 = Release|x64
		{E3E524B9-2B78-44C1-B7E1-A8162C5D38EC}.Release|x86.ActiveCfg = Release|Win32
		{E3E524B9-2B78-44C1-B7E1-A8162C5D38EC}.Release|x86.Build.0 = Release|Win32
	EndGlobalSection
	GlobalSection(SolutionProperties) = preSolution
		HideSolutionNode = FALSE
	EndGlobalSection
	GlobalSection(ExtensibilityGlobals) = postSolution
		SolutionGuid = {4A879ACB-1114-4B1C-B019-92E511CC8C92}
	EndGlobalSection
EndGlobal
