
Microsoft Visual Studio Solution File, Format Version 12.00
# Visual Studio 15
VisualStudioVersion = 15.0.28307.645
MinimumVisualStudioVersion = 10.0.40219.1
Project("{8BC9CEB8-8B4A-11D0-8D11-00A0C91BC942}") = "test_6_28", "test_6_28.vcxproj", "{D753738B-F950-4A0B-B2D2-7E4D21040E78}"
EndProject
Global
	GlobalSection(SolutionConfigurationPlatforms) = preSolution
		Debug|x64 = Debug|x64
		Debug|x86 = Debug|x86
		Release|x64 = Release|x64
		Release|x86 = Release|x86
	EndGlobalSection
	GlobalSection(ProjectConfigurationPlatforms) = postSolution
		{D753738B-F950-4A0B-B2D2-7E4D21040E78}.Debug|x64.ActiveCfg = Debug|x64
		{D753738B-F950-4A0B-B2D2-7E4D21040E78}.Debug|x64.Build.0 = Debug|x64
		{D753738B-F950-4A0B-B2D2-7E4D21040E78}.Debug|x86.ActiveCfg = Debug|Win32
		{D753738B-F950-4A0B-B2D2-7E4D21040E78}.Debug|x86.Build.0 = Debug|Win32
		{D753738B-F950-4A0B-B2D2-7E4D21040E78}.Release|x64.ActiveCfg = Release|x64
		{D753738B-F950-4A0B-B2D2-7E4D21040E78}.Release|x64.Build.0 = Release|x64
		{D753738B-F950-4A0B-B2D2-7E4D21040E78}.Release|x86.ActiveCfg = Release|Win32
		{D753738B-F950-4A0B-B2D2-7E4D21040E78}.Release|x86.Build.0 = Release|Win32
	EndGlobalSection
	GlobalSection(SolutionProperties) = preSolution
		HideSolutionNode = FALSE
	EndGlobalSection
	GlobalSection(ExtensibilityGlobals) = postSolution
		SolutionGuid = {513C513C-F056-4E58-AB5F-BCEC9D518D2F}
	EndGlobalSection
EndGlobal
