
Microsoft Visual Studio Solution File, Format Version 12.00
# Visual Studio 15
VisualStudioVersion = 15.0.28307.645
MinimumVisualStudioVersion = 10.0.40219.1
Project("{8BC9CEB8-8B4A-11D0-8D11-00A0C91BC942}") = "test_6_2", "test_6_2.vcxproj", "{126CED47-76B3-4B28-B493-3E5A078A9B35}"
EndProject
Global
	GlobalSection(SolutionConfigurationPlatforms) = preSolution
		Debug|x64 = Debug|x64
		Debug|x86 = Debug|x86
		Release|x64 = Release|x64
		Release|x86 = Release|x86
	EndGlobalSection
	GlobalSection(ProjectConfigurationPlatforms) = postSolution
		{126CED47-76B3-4B28-B493-3E5A078A9B35}.Debug|x64.ActiveCfg = Debug|x64
		{126CED47-76B3-4B28-B493-3E5A078A9B35}.Debug|x64.Build.0 = Debug|x64
		{126CED47-76B3-4B28-B493-3E5A078A9B35}.Debug|x86.ActiveCfg = Debug|Win32
		{126CED47-76B3-4B28-B493-3E5A078A9B35}.Debug|x86.Build.0 = Debug|Win32
		{126CED47-76B3-4B28-B493-3E5A078A9B35}.Release|x64.ActiveCfg = Release|x64
		{126CED47-76B3-4B28-B493-3E5A078A9B35}.Release|x64.Build.0 = Release|x64
		{126CED47-76B3-4B28-B493-3E5A078A9B35}.Release|x86.ActiveCfg = Release|Win32
		{126CED47-76B3-4B28-B493-3E5A078A9B35}.Release|x86.Build.0 = Release|Win32
	EndGlobalSection
	GlobalSection(SolutionProperties) = preSolution
		HideSolutionNode = FALSE
	EndGlobalSection
	GlobalSection(ExtensibilityGlobals) = postSolution
		SolutionGuid = {D0313419-EC8E-44ED-AEFF-7B89F81E8CE5}
	EndGlobalSection
EndGlobal
